
Microsoft Visual Studio Solution File, Format Version 12.00
# Visual Studio Version 17
VisualStudioVersion = 17.6.33712.159
MinimumVisualStudioVersion = 10.0.40219.1
Project("{2150E333-8FDC-42A3-9474-1A3956D46DE8}") = "Microservices", "Microservices", "{CB8C84D3-3D33-4C0D-8DCE-608C67ADD495}"
EndProject
Project("{FAE04EC0-301F-11D3-BF4B-00C04F79EFBC}") = "Customers.API", "Customers.API\Customers.API.csproj", "{F51BF227-0BCF-4E29-81F0-DAD6E10B667B}"
EndProject
Project("{E53339B2-1760-4266-BCC7-CA923CBCF16C}") = "docker-compose", "docker-compose.dcproj", "{4EA75EEE-1DD5-475B-8532-D3BE4CE025E7}"
EndProject
Global
	GlobalSection(SolutionConfigurationPlatforms) = preSolution
		Debug|Any CPU = Debug|Any CPU
		Release|Any CPU = Release|Any CPU
	EndGlobalSection
	GlobalSection(ProjectConfigurationPlatforms) = postSolution
		{F51BF227-0BCF-4E29-81F0-DAD6E10B667B}.Debug|Any CPU.ActiveCfg = Debug|Any CPU
		{F51BF227-0BCF-4E29-81F0-DAD6E10B667B}.Debug|Any CPU.Build.0 = Debug|Any CPU
		{F51BF227-0BCF-4E29-81F0-DAD6E10B667B}.Release|Any CPU.ActiveCfg = Release|Any CPU
		{F51BF227-0BCF-4E29-81F0-DAD6E10B667B}.Release|Any CPU.Build.0 = Release|Any CPU
		{4EA75EEE-1DD5-475B-8532-D3BE4CE025E7}.Debug|Any CPU.ActiveCfg = Debug|Any CPU
		{4EA75EEE-1DD5-475B-8532-D3BE4CE025E7}.Debug|Any CPU.Build.0 = Debug|Any CPU
		{4EA75EEE-1DD5-475B-8532-D3BE4CE025E7}.Release|Any CPU.ActiveCfg = Release|Any CPU
		{4EA75EEE-1DD5-475B-8532-D3BE4CE025E7}.Release|Any CPU.Build.0 = Release|Any CPU
	EndGlobalSection
	GlobalSection(SolutionProperties) = preSolution
		HideSolutionNode = FALSE
	EndGlobalSection
	GlobalSection(NestedProjects) = preSolution
		{F51BF227-0BCF-4E29-81F0-DAD6E10B667B} = {CB8C84D3-3D33-4C0D-8DCE-608C67ADD495}
	EndGlobalSection
	GlobalSection(ExtensibilityGlobals) = postSolution
		SolutionGuid = {F426771C-7592-477F-91DB-D65D12366E38}
	EndGlobalSection
EndGlobal
